# This file is generated by running "yarn install" inside your project.
# Manual changes might be lost - proceed with caution!

__metadata:
  version: 8
  cacheKey: 10c0

"@esbuild/aix-ppc64@npm:0.25.3":
  version: 0.25.3
  resolution: "@esbuild/aix-ppc64@npm:0.25.3"
  conditions: os=aix & cpu=ppc64
  languageName: node
  linkType: hard

"@esbuild/android-arm64@npm:0.25.3":
  version: 0.25.3
  resolution: "@esbuild/android-arm64@npm:0.25.3"
  conditions: os=android & cpu=arm64
  languageName: node
  linkType: hard

"@esbuild/android-arm@npm:0.25.3":
  version: 0.25.3
  resolution: "@esbuild/android-arm@npm:0.25.3"
  conditions: os=android & cpu=arm
  languageName: node
  linkType: hard

"@esbuild/android-x64@npm:0.25.3":
  version: 0.25.3
  resolution: "@esbuild/android-x64@npm:0.25.3"
  conditions: os=android & cpu=x64
  languageName: node
  linkType: hard

"@esbuild/darwin-arm64@npm:0.25.3":
  version: 0.25.3
  resolution: "@esbuild/darwin-arm64@npm:0.25.3"
  conditions: os=darwin & cpu=arm64
  languageName: node
  linkType: hard

"@esbuild/darwin-x64@npm:0.25.3":
  version: 0.25.3
  resolution: "@esbuild/darwin-x64@npm:0.25.3"
  conditions: os=darwin & cpu=x64
  languageName: node
  linkType: hard

"@esbuild/freebsd-arm64@npm:0.25.3":
  version: 0.25.3
  resolution: "@esbuild/freebsd-arm64@npm:0.25.3"
  conditions: os=freebsd & cpu=arm64
  languageName: node
  linkType: hard

"@esbuild/freebsd-x64@npm:0.25.3":
  version: 0.25.3
  resolution: "@esbuild/freebsd-x64@npm:0.25.3"
  conditions: os=freebsd & cpu=x64
  languageName: node
  linkType: hard

"@esbuild/linux-arm64@npm:0.25.3":
  version: 0.25.3
  resolution: "@esbuild/linux-arm64@npm:0.25.3"
  conditions: os=linux & cpu=arm64
  languageName: node
  linkType: hard

"@esbuild/linux-arm@npm:0.25.3":
  version: 0.25.3
  resolution: "@esbuild/linux-arm@npm:0.25.3"
  conditions: os=linux & cpu=arm
  languageName: node
  linkType: hard

"@esbuild/linux-ia32@npm:0.25.3":
  version: 0.25.3
  resolution: "@esbuild/linux-ia32@npm:0.25.3"
  conditions: os=linux & cpu=ia32
  languageName: node
  linkType: hard

"@esbuild/linux-loong64@npm:0.25.3":
  version: 0.25.3
  resolution: "@esbuild/linux-loong64@npm:0.25.3"
  conditions: os=linux & cpu=loong64
  languageName: node
  linkType: hard

"@esbuild/linux-mips64el@npm:0.25.3":
  version: 0.25.3
  resolution: "@esbuild/linux-mips64el@npm:0.25.3"
  conditions: os=linux & cpu=mips64el
  languageName: node
  linkType: hard

"@esbuild/linux-ppc64@npm:0.25.3":
  version: 0.25.3
  resolution: "@esbuild/linux-ppc64@npm:0.25.3"
  conditions: os=linux & cpu=ppc64
  languageName: node
  linkType: hard

"@esbuild/linux-riscv64@npm:0.25.3":
  version: 0.25.3
  resolution: "@esbuild/linux-riscv64@npm:0.25.3"
  conditions: os=linux & cpu=riscv64
  languageName: node
  linkType: hard

"@esbuild/linux-s390x@npm:0.25.3":
  version: 0.25.3
  resolution: "@esbuild/linux-s390x@npm:0.25.3"
  conditions: os=linux & cpu=s390x
  languageName: node
  linkType: hard

"@esbuild/linux-x64@npm:0.25.3":
  version: 0.25.3
  resolution: "@esbuild/linux-x64@npm:0.25.3"
  conditions: os=linux & cpu=x64
  languageName: node
  linkType: hard

"@esbuild/netbsd-arm64@npm:0.25.3":
  version: 0.25.3
  resolution: "@esbuild/netbsd-arm64@npm:0.25.3"
  conditions: os=netbsd & cpu=arm64
  languageName: node
  linkType: hard

"@esbuild/netbsd-x64@npm:0.25.3":
  version: 0.25.3
  resolution: "@esbuild/netbsd-x64@npm:0.25.3"
  conditions: os=netbsd & cpu=x64
  languageName: node
  linkType: hard

"@esbuild/openbsd-arm64@npm:0.25.3":
  version: 0.25.3
  resolution: "@esbuild/openbsd-arm64@npm:0.25.3"
  conditions: os=openbsd & cpu=arm64
  languageName: node
  linkType: hard

"@esbuild/openbsd-x64@npm:0.25.3":
  version: 0.25.3
  resolution: "@esbuild/openbsd-x64@npm:0.25.3"
  conditions: os=openbsd & cpu=x64
  languageName: node
  linkType: hard

"@esbuild/sunos-x64@npm:0.25.3":
  version: 0.25.3
  resolution: "@esbuild/sunos-x64@npm:0.25.3"
  conditions: os=sunos & cpu=x64
  languageName: node
  linkType: hard

"@esbuild/win32-arm64@npm:0.25.3":
  version: 0.25.3
  resolution: "@esbuild/win32-arm64@npm:0.25.3"
  conditions: os=win32 & cpu=arm64
  languageName: node
  linkType: hard

"@esbuild/win32-ia32@npm:0.25.3":
  version: 0.25.3
  resolution: "@esbuild/win32-ia32@npm:0.25.3"
  conditions: os=win32 & cpu=ia32
  languageName: node
  linkType: hard

"@esbuild/win32-x64@npm:0.25.3":
  version: 0.25.3
  resolution: "@esbuild/win32-x64@npm:0.25.3"
  conditions: os=win32 & cpu=x64
  languageName: node
  linkType: hard

"@kietpt/react-native-core-ui@workspace:.":
  version: 0.0.0-use.local
  resolution: "@kietpt/react-native-core-ui@workspace:."
  dependencies:
    "@types/react": "npm:18.2.6"
    esbuild: "npm:^0.25.3"
  peerDependencies:
    d4dpocket: ^0.1.8
    react: ">=17.0.0"
    react-native: ">=0.68.0"
    react-native-device-info: ">=8.1.3"
    react-native-iphone-x-helper: ^1.3.1
  languageName: unknown
  linkType: soft

"@types/prop-types@npm:*":
  version: 15.7.14
  resolution: "@types/prop-types@npm:15.7.14"
  checksum: 10c0/1ec775160bfab90b67a782d735952158c7e702ca4502968aa82565bd8e452c2de8601c8dfe349733073c31179116cf7340710160d3836aa8a1ef76d1532893b1
  languageName: node
  linkType: hard

"@types/react@npm:18.2.6":
  version: 18.2.6
  resolution: "@types/react@npm:18.2.6"
  dependencies:
    "@types/prop-types": "npm:*"
    "@types/scheduler": "npm:*"
    csstype: "npm:^3.0.2"
  checksum: 10c0/7740541afde84a50c557e576dd564a861b45ad436d1c3ed33496d70046a6eb734bfe7f7f18995f88bdc50be0d295c2b878f705a6b9573cc0781e11ea58470139
  languageName: node
  linkType: hard

"@types/scheduler@npm:*":
  version: 0.26.0
  resolution: "@types/scheduler@npm:0.26.0"
  checksum: 10c0/84626b06551ab7e1247412a2588430da5cd75263a353f1fd70593ca7331d43797937b89fe587089c6b3613d0658986087c5f0b2debef5bae831cdc1104a432ef
  languageName: node
  linkType: hard

"csstype@npm:^3.0.2":
  version: 3.1.3
  resolution: "csstype@npm:3.1.3"
  checksum: 10c0/80c089d6f7e0c5b2bd83cf0539ab41474198579584fa10d86d0cafe0642202343cbc119e076a0b1aece191989477081415d66c9fefbf3c957fc2fc4b7009f248
  languageName: node
  linkType: hard

"esbuild@npm:^0.25.3":
  version: 0.25.3
  resolution: "esbuild@npm:0.25.3"
  dependencies:
    "@esbuild/aix-ppc64": "npm:0.25.3"
    "@esbuild/android-arm": "npm:0.25.3"
    "@esbuild/android-arm64": "npm:0.25.3"
    "@esbuild/android-x64": "npm:0.25.3"
    "@esbuild/darwin-arm64": "npm:0.25.3"
    "@esbuild/darwin-x64": "npm:0.25.3"
    "@esbuild/freebsd-arm64": "npm:0.25.3"
    "@esbuild/freebsd-x64": "npm:0.25.3"
    "@esbuild/linux-arm": "npm:0.25.3"
    "@esbuild/linux-arm64": "npm:0.25.3"
    "@esbuild/linux-ia32": "npm:0.25.3"
    "@esbuild/linux-loong64": "npm:0.25.3"
    "@esbuild/linux-mips64el": "npm:0.25.3"
    "@esbuild/linux-ppc64": "npm:0.25.3"
    "@esbuild/linux-riscv64": "npm:0.25.3"
    "@esbuild/linux-s390x": "npm:0.25.3"
    "@esbuild/linux-x64": "npm:0.25.3"
    "@esbuild/netbsd-arm64": "npm:0.25.3"
    "@esbuild/netbsd-x64": "npm:0.25.3"
    "@esbuild/openbsd-arm64": "npm:0.25.3"
    "@esbuild/openbsd-x64": "npm:0.25.3"
    "@esbuild/sunos-x64": "npm:0.25.3"
    "@esbuild/win32-arm64": "npm:0.25.3"
    "@esbuild/win32-ia32": "npm:0.25.3"
    "@esbuild/win32-x64": "npm:0.25.3"
  dependenciesMeta:
    "@esbuild/aix-ppc64":
      optional: true
    "@esbuild/android-arm":
      optional: true
    "@esbuild/android-arm64":
      optional: true
    "@esbuild/android-x64":
      optional: true
    "@esbuild/darwin-arm64":
      optional: true
    "@esbuild/darwin-x64":
      optional: true
    "@esbuild/freebsd-arm64":
      optional: true
    "@esbuild/freebsd-x64":
      optional: true
    "@esbuild/linux-arm":
      optional: true
    "@esbuild/linux-arm64":
      optional: true
    "@esbuild/linux-ia32":
      optional: true
    "@esbuild/linux-loong64":
      optional: true
    "@esbuild/linux-mips64el":
      optional: true
    "@esbuild/linux-ppc64":
      optional: true
    "@esbuild/linux-riscv64":
      optional: true
    "@esbuild/linux-s390x":
      optional: true
    "@esbuild/linux-x64":
      optional: true
    "@esbuild/netbsd-arm64":
      optional: true
    "@esbuild/netbsd-x64":
      optional: true
    "@esbuild/openbsd-arm64":
      optional: true
    "@esbuild/openbsd-x64":
      optional: true
    "@esbuild/sunos-x64":
      optional: true
    "@esbuild/win32-arm64":
      optional: true
    "@esbuild/win32-ia32":
      optional: true
    "@esbuild/win32-x64":
      optional: true
  bin:
    esbuild: bin/esbuild
  checksum: 10c0/127aff654310ede4e2eb232a7b1d8823f5b5d69222caf17aa7f172574a5b6b75f71ce78c6d8a40030421d7c75b784dc640de0fb1b87b7ea77ab2a1c832fa8df8
  languageName: node
  linkType: hard
